// !$*UTF8*$!
{
	archiveVersion = 1;
	classes = {
	};
	objectVersion = 50;
	objects = {

/* Begin PBXBuildFile section */
		FD414BF722644479007A3681 /* AppDelegate.swift in Sources */ = {isa = PBXBuildFile; fileRef = FD414BF622644479007A3681 /* AppDelegate.swift */; };
		FD414BF922644479007A3681 /* ViewController.swift in Sources */ = {isa = PBXBuildFile; fileRef = FD414BF822644479007A3681 /* ViewController.swift */; };
		FD414BFC22644479007A3681 /* Main.storyboard in Resources */ = {isa = PBXBuildFile; fileRef = FD414BFA22644479007A3681 /* Main.storyboard */; };
		FD414BFE2264447A007A3681 /* Assets.xcassets in Resources */ = {isa = PBXBuildFile; fileRef = FD414BFD2264447A007A3681 /* Assets.xcassets */; };
		FD414C012264447A007A3681 /* LaunchScreen.storyboard in Resources */ = {isa = PBXBuildFile; fileRef = FD414BFF2264447A007A3681 /* LaunchScreen.storyboard */; };
		FD414C0C2264447B007A3681 /* finalProject_BlackJackTests.swift in Sources */ = {isa = PBXBuildFile; fileRef = FD414C0B2264447B007A3681 /* finalProject_BlackJackTests.swift */; };
		FD414C6122653718007A3681 /* Card.swift in Sources */ = {isa = PBXBuildFile; fileRef = FD414C6022653718007A3681 /* Card.swift */; };
		FDD629EE227536A1008D59FF /* myAppData.swift in Sources */ = {isa = PBXBuildFile; fileRef = FDD629ED227536A1008D59FF /* myAppData.swift */; };
		FDD629F022753D82008D59FF /* bankBrain.swift in Sources */ = {isa = PBXBuildFile; fileRef = FDD629EF22753D82008D59FF /* bankBrain.swift */; };
		FDD629F3227A6D2F008D59FF /* imageHelper.swift in Sources */ = {isa = PBXBuildFile; fileRef = FDD629F2227A6D2F008D59FF /* imageHelper.swift */; };
/* End PBXBuildFile section */

/* Begin PBXContainerItemProxy section */
		FD414C082264447B007A3681 /* PBXContainerItemProxy */ = {
			isa = PBXContainerItemProxy;
			containerPortal = FD414BEB22644479007A3681 /* Project object */;
			proxyType = 1;
			remoteGlobalIDString = FD414BF222644479007A3681;
			remoteInfo = finalProject_BlackJack;
		};
/* End PBXContainerItemProxy section */

/* Begin PBXFileReference section */
		FD414BF322644479007A3681 /* finalProject_BlackJack.app */ = {isa = PBXFileReference; explicitFileType = wrapper.application; includeInIndex = 0; path = finalProject_BlackJack.app; sourceTree = BUILT_PRODUCTS_DIR; };
		FD414BF622644479007A3681 /* AppDelegate.swift */ = {isa = PBXFileReference; lastKnownFileType = sourcecode.swift; path = AppDelegate.swift; sourceTree = "<group>"; };
		FD414BF822644479007A3681 /* ViewController.swift */ = {isa = PBXFileReference; lastKnownFileType = sourcecode.swift; path = ViewController.swift; sourceTree = "<group>"; };
		FD414BFB22644479007A3681 /* Base */ = {isa = PBXFileReference; lastKnownFileType = file.storyboard; name = Base; path = Base.lproj/Main.storyboard; sourceTree = "<group>"; };
		FD414BFD2264447A007A3681 /* Assets.xcassets */ = {isa = PBXFileReference; lastKnownFileType = folder.assetcatalog; path = Assets.xcassets; sourceTree = "<group>"; };
		FD414C002264447A007A3681 /* Base */ = {isa = PBXFileReference; lastKnownFileType = file.storyboard; name = Base; path = Base.lproj/LaunchScreen.storyboard; sourceTree = "<group>"; };
		FD414C022264447A007A3681 /* Info.plist */ = {isa = PBXFileReference; lastKnownFileType = text.plist.xml; path = Info.plist; sourceTree = "<group>"; };
		FD414C072264447B007A3681 /* finalProject_BlackJackTests.xctest */ = {isa = PBXFileReference; explicitFileType = wrapper.cfbundle; includeInIndex = 0; path = finalProject_BlackJackTests.xctest; sourceTree = BUILT_PRODUCTS_DIR; };
		FD414C0B2264447B007A3681 /* finalProject_BlackJackTests.swift */ = {isa = PBXFileReference; lastKnownFileType = sourcecode.swift; path = finalProject_BlackJackTests.swift; sourceTree = "<group>"; };
		FD414C0D2264447B007A3681 /* Info.plist */ = {isa = PBXFileReference; lastKnownFileType = text.plist.xml; path = Info.plist; sourceTree = "<group>"; };
		FD414C6022653718007A3681 /* Card.swift */ = {isa = PBXFileReference; lastKnownFileType = sourcecode.swift; path = Card.swift; sourceTree = "<group>"; };
		FDD629ED227536A1008D59FF /* myAppData.swift */ = {isa = PBXFileReference; lastKnownFileType = sourcecode.swift; path = myAppData.swift; sourceTree = "<group>"; };
		FDD629EF22753D82008D59FF /* bankBrain.swift */ = {isa = PBXFileReference; lastKnownFileType = sourcecode.swift; path = bankBrain.swift; sourceTree = "<group>"; };
		FDD629F2227A6D2F008D59FF /* imageHelper.swift */ = {isa = PBXFileReference; lastKnownFileType = sourcecode.swift; path = imageHelper.swift; sourceTree = "<group>"; };
/* End PBXFileReference section */

/* Begin PBXFrameworksBuildPhase section */
		FD414BF022644479007A3681 /* Frameworks */ = {
			isa = PBXFrameworksBuildPhase;
			buildActionMask = 2147483647;
			files = (
			);
			runOnlyForDeploymentPostprocessing = 0;
		};
		FD414C042264447B007A3681 /* Frameworks */ = {
			isa = PBXFrameworksBuildPhase;
			buildActionMask = 2147483647;
			files = (
			);
			runOnlyForDeploymentPostprocessing = 0;
		};
/* End PBXFrameworksBuildPhase section */

/* Begin PBXGroup section */
		FD414BEA22644479007A3681 = {
			isa = PBXGroup;
			children = (
				FD414BF522644479007A3681 /* finalProject_BlackJack */,
				FD414C0A2264447B007A3681 /* finalProject_BlackJackTests */,
				FD414BF422644479007A3681 /* Products */,
			);
			sourceTree = "<group>";
		};
		FD414BF422644479007A3681 /* Products */ = {
			isa = PBXGroup;
			children = (
				FD414BF322644479007A3681 /* finalProject_BlackJack.app */,
				FD414C072264447B007A3681 /* finalProject_BlackJackTests.xctest */,
			);
			name = Products;
			sourceTree = "<group>";
		};
		FD414BF522644479007A3681 /* finalProject_BlackJack */ = {
			isa = PBXGroup;
			children = (
				FDD629EC2275367D008D59FF /* model */,
				FDD629EB2275361E008D59FF /* VC */,
				FDD629F1227A6D15008D59FF /* helper */,
				FD414BF622644479007A3681 /* AppDelegate.swift */,
				FD414BFA22644479007A3681 /* Main.storyboard */,
				FD414BFD2264447A007A3681 /* Assets.xcassets */,
				FD414BFF2264447A007A3681 /* LaunchScreen.storyboard */,
				FD414C022264447A007A3681 /* Info.plist */,
			);
			path = finalProject_BlackJack;
			sourceTree = "<group>";
		};
		FD414C0A2264447B007A3681 /* finalProject_BlackJackTests */ = {
			isa = PBXGroup;
			children = (
				FD414C0B2264447B007A3681 /* finalProject_BlackJackTests.swift */,
				FD414C0D2264447B007A3681 /* Info.plist */,
			);
			path = finalProject_BlackJackTests;
			sourceTree = "<group>";
		};
		FDD629EB2275361E008D59FF /* VC */ = {
			isa = PBXGroup;
			children = (
				FD414BF822644479007A3681 /* ViewController.swift */,
			);
			path = VC;
			sourceTree = "<group>";
		};
		FDD629EC2275367D008D59FF /* model */ = {
			isa = PBXGroup;
			children = (
				FDD629ED227536A1008D59FF /* myAppData.swift */,
				FD414C6022653718007A3681 /* Card.swift */,
				FDD629EF22753D82008D59FF /* bankBrain.swift */,
			);
			path = model;
			sourceTree = "<group>";
		};
		FDD629F1227A6D15008D59FF /* helper */ = {
			isa = PBXGroup;
			children = (
				FDD629F2227A6D2F008D59FF /* imageHelper.swift */,
			);
			path = helper;
			sourceTree = "<group>";
		};
/* End PBXGroup section */

/* Begin PBXNativeTarget section */
		FD414BF222644479007A3681 /* finalProject_BlackJack */ = {
			isa = PBXNativeTarget;
			buildConfigurationList = FD414C102264447B007A3681 /* Build configuration list for PBXNativeTarget "finalProject_BlackJack" */;
			buildPhases = (
				FD414BEF22644479007A3681 /* Sources */,
				FD414BF022644479007A3681 /* Frameworks */,
				FD414BF122644479007A3681 /* Resources */,
			);
			buildRules = (
			);
			dependencies = (
			);
			name = finalProject_BlackJack;
			productName = finalProject_BlackJack;
			productReference = FD414BF322644479007A3681 /* finalProject_BlackJack.app */;
			productType = "com.apple.product-type.application";
		};
		FD414C062264447B007A3681 /* finalProject_BlackJackTests */ = {
			isa = PBXNativeTarget;
			buildConfigurationList = FD414C132264447B007A3681 /* Build configuration list for PBXNativeTarget "finalProject_BlackJackTests" */;
			buildPhases = (
				FD414C032264447B007A3681 /* Sources */,
				FD414C042264447B007A3681 /* Frameworks */,
				FD414C052264447B007A3681 /* Resources */,
			);
			buildRules = (
			);
			dependencies = (
				FD414C092264447B007A3681 /* PBXTargetDependency */,
			);
			name = finalProject_BlackJackTests;
			productName = finalProject_BlackJackTests;
			productReference = FD414C072264447B007A3681 /* finalProject_BlackJackTests.xctest */;
			productType = "com.apple.product-type.bundle.unit-test";
		};
/* End PBXNativeTarget section */

/* Begin PBXProject section */
		FD414BEB22644479007A3681 /* Project object */ = {
			isa = PBXProject;
			attributes = {
				LastSwiftUpdateCheck = 1020;
				LastUpgradeCheck = 1020;
				ORGANIZATIONNAME = zach;
				TargetAttributes = {
					FD414BF222644479007A3681 = {
						CreatedOnToolsVersion = 10.2;
					};
					FD414C062264447B007A3681 = {
						CreatedOnToolsVersion = 10.2;
						TestTargetID = FD414BF222644479007A3681;
					};
				};
			};
			buildConfigurationList = FD414BEE22644479007A3681 /* Build configuration list for PBXProject "finalProject_BlackJack" */;
			compatibilityVersion = "Xcode 9.3";
			developmentRegion = en;
			hasScannedForEncodings = 0;
			knownRegions = (
				en,
				Base,
			);
			mainGroup = FD414BEA22644479007A3681;
			productRefGroup = FD414BF422644479007A3681 /* Products */;
			projectDirPath = "";
			projectRoot = "";
			targets = (
				FD414BF222644479007A3681 /* finalProject_BlackJack */,
				FD414C062264447B007A3681 /* finalProject_BlackJackTests */,
			);
		};
/* End PBXProject section */

/* Begin PBXResourcesBuildPhase section */
		FD414BF122644479007A3681 /* Resources */ = {
			isa = PBXResourcesBuildPhase;
			buildActionMask = 2147483647;
			files = (
				FD414C012264447A007A3681 /* LaunchScreen.storyboard in Resources */,
				FD414BFE2264447A007A3681 /* Assets.xcassets in Resources */,
				FD414BFC22644479007A3681 /* Main.storyboard in Resources */,
			);
			runOnlyForDeploymentPostprocessing = 0;
		};
		FD414C052264447B007A3681 /* Resources */ = {
			isa = PBXResourcesBuildPhase;
			buildActionMask = 2147483647;
			files = (
			);
			runOnlyForDeploymentPostprocessing = 0;
		};
/* End PBXResourcesBuildPhase section */

/* Begin PBXSourcesBuildPhase section */
		FD414BEF22644479007A3681 /* Sources */ = {
			isa = PBXSourcesBuildPhase;
			buildActionMask = 2147483647;
			files = (
				FD414BF922644479007A3681 /* ViewController.swift in Sources */,
				FDD629F022753D82008D59FF /* bankBrain.swift in Sources */,
				FD414C6122653718007A3681 /* Card.swift in Sources */,
				FDD629F3227A6D2F008D59FF /* imageHelper.swift in Sources */,
				FD414BF722644479007A3681 /* AppDelegate.swift in Sources */,
				FDD629EE227536A1008D59FF /* myAppData.swift in Sources */,
			);
			runOnlyForDeploymentPostprocessing = 0;
		};
		FD414C032264447B007A3681 /* Sources */ = {
			isa = PBXSourcesBuildPhase;
			buildActionMask = 2147483647;
			files = (
				FD414C0C2264447B007A3681 /* finalProject_BlackJackTests.swift in Sources */,
			);
			runOnlyForDeploymentPostprocessing = 0;
		};
/* End PBXSourcesBuildPhase section */

/* Begin PBXTargetDependency section */
		FD414C092264447B007A3681 /* PBXTargetDependency */ = {
			isa = PBXTargetDependency;
			target = FD414BF222644479007A3681 /* finalProject_BlackJack */;
			targetProxy = FD414C082264447B007A3681 /* PBXContainerItemProxy */;
		};
/* End PBXTargetDependency section */

/* Begin PBXVariantGroup section */
		FD414BFA22644479007A3681 /* Main.storyboard */ = {
			isa = PBXVariantGroup;
			children = (
				FD414BFB22644479007A3681 /* Base */,
			);
			name = Main.storyboard;
			sourceTree = "<group>";
		};
		FD414BFF2264447A007A3681 /* LaunchScreen.storyboard */ = {
			isa = PBXVariantGroup;
			children = (
				FD414C002264447A007A3681 /* Base */,
			);
			name = LaunchScreen.storyboard;
			sourceTree = "<group>";
		};
/* End PBXVariantGroup section */

/* Begin XCBuildConfiguration section */
		FD414C0E2264447B007A3681 /* Debug */ = {
			isa = XCBuildConfiguration;
			buildSettings = {
				ALWAYS_SEARCH_USER_PATHS = NO;
				CLANG_ANALYZER_NONNULL = YES;
				CLANG_ANALYZER_NUMBER_OBJECT_CONVERSION = YES_AGGRESSIVE;
				CLANG_CXX_LANGUAGE_STANDARD = "gnu++14";
				CLANG_CXX_LIBRARY = "libc++";
				CLANG_ENABLE_MODULES = YES;
				CLANG_ENABLE_OBJC_ARC = YES;
				CLANG_ENABLE_OBJC_WEAK = YES;
				CLANG_WARN_BLOCK_CAPTURE_AUTORELEASING = YES;
				CLANG_WARN_BOOL_CONVERSION = YES;
				CLANG_WARN_COMMA = YES;
				CLANG_WARN_CONSTANT_CONVERSION = YES;
				CLANG_WARN_DEPRECATED_OBJC_IMPLEMENTATIONS = YES;
				CLANG_WARN_DIRECT_OBJC_ISA_USAGE = YES_ERROR;
				CLANG_WARN_DOCUMENTATION_COMMENTS = YES;
				CLANG_WARN_EMPTY_BODY = YES;
				CLANG_WARN_ENUM_CONVERSION = YES;
				CLANG_WARN_INFINITE_RECURSION = YES;
				CLANG_WARN_INT_CONVERSION = YES;
				CLANG_WARN_NON_LITERAL_NULL_CONVERSION = YES;
				CLANG_WARN_OBJC_IMPLICIT_RETAIN_SELF = YES;
				CLANG_WARN_OBJC_LITERAL_CONVERSION = YES;
				CLANG_WARN_OBJC_ROOT_CLASS = YES_ERROR;
				CLANG_WARN_RANGE_LOOP_ANALYSIS = YES;
				CLANG_WARN_STRICT_PROTOTYPES = YES;
				CLANG_WARN_SUSPICIOUS_MOVE = YES;
				CLANG_WARN_UNGUARDED_AVAILABILITY = YES_AGGRESSIVE;
				CLANG_WARN_UNREACHABLE_CODE = YES;
				CLANG_WARN__DUPLICATE_METHOD_MATCH = YES;
				CODE_SIGN_IDENTITY = "iPhone Developer";
				COPY_PHASE_STRIP = NO;
				DEBUG_INFORMATION_FORMAT = dwarf;
				ENABLE_STRICT_OBJC_MSGSEND = YES;
				ENABLE_TESTABILITY = YES;
				GCC_C_LANGUAGE_STANDARD = gnu11;
				GCC_DYNAMIC_NO_PIC = NO;
				GCC_NO_COMMON_BLOCKS = YES;
				GCC_OPTIMIZATION_LEVEL = 0;
				GCC_PREPROCESSOR_DEFINITIONS = (
					"DEBUG=1",
					"$(inherited)",
				);
				GCC_WARN_64_TO_32_BIT_CONVERSION = YES;
				GCC_WARN_ABOUT_RETURN_TYPE = YES_ERROR;
				GCC_WARN_UNDECLARED_SELECTOR = YES;
				GCC_WARN_UNINITIALIZED_AUTOS = YES_AGGRESSIVE;
				GCC_WARN_UNUSED_FUNCTION = YES;
				GCC_WARN_UNUSED_VARIABLE = YES;
				IPHONEOS_DEPLOYMENT_TARGET = 12.2;
				MTL_ENABLE_DEBUG_INFO = INCLUDE_SOURCE;
				MTL_FAST_MATH = YES;
				ONLY_ACTIVE_ARCH = YES;
				SDKROOT = iphoneos;
				SWIFT_ACTIVE_COMPILATION_CONDITIONS = DEBUG;
				SWIFT_OPTIMIZATION_LEVEL = "-Onone";
			};
			name = Debug;
		};
		FD414C0F2264447B007A3681 /* Release */ = {
			isa = XCBuildConfiguration;
			buildSettings = {
				ALWAYS_SEARCH_USER_PATHS = NO;
				CLANG_ANALYZER_NONNULL = YES;
				CLANG_ANALYZER_NUMBER_OBJECT_CONVERSION = YES_AGGRESSIVE;
				CLANG_CXX_LANGUAGE_STANDARD = "gnu++14";
				CLANG_CXX_LIBRARY = "libc++";
				CLANG_ENABLE_MODULES = YES;
				CLANG_ENABLE_OBJC_ARC = YES;
				CLANG_ENABLE_OBJC_WEAK = YES;
				CLANG_WARN_BLOCK_CAPTURE_AUTORELEASING = YES;
				CLANG_WARN_BOOL_CONVERSION = YES;
				CLANG_WARN_COMMA = YES;
				CLANG_WARN_CONSTANT_CONVERSION = YES;
				CLANG_WARN_DEPRECATED_OBJC_IMPLEMENTATIONS = YES;
				CLANG_WARN_DIRECT_OBJC_ISA_USAGE = YES_ERROR;
				CLANG_WARN_DOCUMENTATION_COMMENTS = YES;
				CLANG_WARN_EMPTY_BODY = YES;
				CLANG_WARN_ENUM_CONVERSION = YES;
				CLANG_WARN_INFINITE_RECURSION = YES;
				CLANG_WARN_INT_CONVERSION = YES;
				CLANG_WARN_NON_LITERAL_NULL_CONVERSION = YES;
				CLANG_WARN_OBJC_IMPLICIT_RETAIN_SELF = YES;
				CLANG_WARN_OBJC_LITERAL_CONVERSION = YES;
				CLANG_WARN_OBJC_ROOT_CLASS = YES_ERROR;
				CLANG_WARN_RANGE_LOOP_ANALYSIS = YES;
				CLANG_WARN_STRICT_PROTOTYPES = YES;
				CLANG_WARN_SUSPICIOUS_MOVE = YES;
				CLANG_WARN_UNGUARDED_AVAILABILITY = YES_AGGRESSIVE;
				CLANG_WARN_UNREACHABLE_CODE = YES;
				CLANG_WARN__DUPLICATE_METHOD_MATCH = YES;
				CODE_SIGN_IDENTITY = "iPhone Developer";
				COPY_PHASE_STRIP = NO;
				DEBUG_INFORMATION_FORMAT = "dwarf-with-dsym";
				ENABLE_NS_ASSERTIONS = NO;
				ENABLE_STRICT_OBJC_MSGSEND = YES;
				GCC_C_LANGUAGE_STANDARD = gnu11;
				GCC_NO_COMMON_BLOCKS = YES;
				GCC_WARN_64_TO_32_BIT_CONVERSION = YES;
				GCC_WARN_ABOUT_RETURN_TYPE = YES_ERROR;
				GCC_WARN_UNDECLARED_SELECTOR = YES;
				GCC_WARN_UNINITIALIZED_AUTOS = YES_AGGRESSIVE;
				GCC_WARN_UNUSED_FUNCTION = YES;
				GCC_WARN_UNUSED_VARIABLE = YES;
				IPHONEOS_DEPLOYMENT_TARGET = 12.2;
				MTL_ENABLE_DEBUG_INFO = NO;
				MTL_FAST_MATH = YES;
				SDKROOT = iphoneos;
				SWIFT_COMPILATION_MODE = wholemodule;
				SWIFT_OPTIMIZATION_LEVEL = "-O";
				VALIDATE_PRODUCT = YES;
			};
			name = Release;
		};
		FD414C112264447B007A3681 /* Debug */ = {
			isa = XCBuildConfiguration;
			buildSettings = {
				ASSETCATALOG_COMPILER_APPICON_NAME = AppIcon;
				CODE_SIGN_STYLE = Automatic;
				DEVELOPMENT_TEAM = F6H7V5HHDM;
				INFOPLIST_FILE = finalProject_BlackJack/Info.plist;
				IPHONEOS_DEPLOYMENT_TARGET = 12.1;
				LD_RUNPATH_SEARCH_PATHS = (
					"$(inherited)",
					"@executable_path/Frameworks",
				);
				PRODUCT_BUNDLE_IDENTIFIER = "Harwoodz.finalProject-BlackJack";
				PRODUCT_NAME = "$(TARGET_NAME)";
				SWIFT_VERSION = 4.2;
				TARGETED_DEVICE_FAMILY = 1;
			};
			name = Debug;
		};
		FD414C122264447B007A3681 /* Release */ = {
			isa = XCBuildConfiguration;
			buildSettings = {
				ASSETCATALOG_COMPILER_APPICON_NAME = AppIcon;
				CODE_SIGN_STYLE = Automatic;
				DEVELOPMENT_TEAM = F6H7V5HHDM;
				INFOPLIST_FILE = finalProject_BlackJack/Info.plist;
				IPHONEOS_DEPLOYMENT_TARGET = 12.1;
				LD_RUNPATH_SEARCH_PATHS = (
					"$(inherited)",
					"@executable_path/Frameworks",
				);
				PRODUCT_BUNDLE_IDENTIFIER = "Harwoodz.finalProject-BlackJack";
				PRODUCT_NAME = "$(TARGET_NAME)";
				SWIFT_VERSION = 4.2;
				TARGETED_DEVICE_FAMILY = 1;
			};
			name = Release;
		};
		FD414C142264447B007A3681 /* Debug */ = {
			isa = XCBuildConfiguration;
			buildSettings = {
				ALWAYS_EMBED_SWIFT_STANDARD_LIBRARIES = YES;
				BUNDLE_LOADER = "$(TEST_HOST)";
				CODE_SIGN_STYLE = Automatic;
				INFOPLIST_FILE = finalProject_BlackJackTests/Info.plist;
				LD_RUNPATH_SEARCH_PATHS = (
					"$(inherited)",
					"@executable_path/Frameworks",
					"@loader_path/Frameworks",
				);
				PRODUCT_BUNDLE_IDENTIFIER = "Harwoodz.finalProject-BlackJackTests";
				PRODUCT_NAME = "$(TARGET_NAME)";
				SWIFT_VERSION = 5.0;
				TARGETED_DEVICE_FAMILY = "1,2";
				TEST_HOST = "$(BUILT_PRODUCTS_DIR)/finalProject_BlackJack.app/finalProject_BlackJack";
			};
			name = Debug;
		};
		FD414C152264447B007A3681 /* Release */ = {
			isa = XCBuildConfiguration;
			buildSettings = {
				ALWAYS_EMBED_SWIFT_STANDARD_LIBRARIES = YES;
				BUNDLE_LOADER = "$(TEST_HOST)";
				CODE_SIGN_STYLE = Automatic;
				INFOPLIST_FILE = finalProject_BlackJackTests/Info.plist;
				LD_RUNPATH_SEARCH_PATHS = (
					"$(inherited)",
					"@executable_path/Frameworks",
					"@loader_path/Frameworks",
				);
				PRODUCT_BUNDLE_IDENTIFIER = "Harwoodz.finalProject-BlackJackTests";
				PRODUCT_NAME = "$(TARGET_NAME)";
				SWIFT_VERSION = 5.0;
				TARGETED_DEVICE_FAMILY = "1,2";
				TEST_HOST = "$(BUILT_PRODUCTS_DIR)/finalProject_BlackJack.app/finalProject_BlackJack";
			};
			name = Release;
		};
/* End XCBuildConfiguration section */

/* Begin XCConfigurationList section */
		FD414BEE22644479007A3681 /* Build configuration list for PBXProject "finalProject_BlackJack" */ = {
			isa = XCConfigurationList;
			buildConfigurations = (
				FD414C0E2264447B007A3681 /* Debug */,
				FD414C0F2264447B007A3681 /* Release */,
			);
			defaultConfigurationIsVisible = 0;
			defaultConfigurationName = Release;
		};
		FD414C102264447B007A3681 /* Build configuration list for PBXNativeTarget "finalProject_BlackJack" */ = {
			isa = XCConfigurationList;
			buildConfigurations = (
				FD414C112264447B007A3681 /* Debug */,
				FD414C122264447B007A3681 /* Release */,
			);
			defaultConfigurationIsVisible = 0;
			defaultConfigurationName = Release;
		};
		FD414C132264447B007A3681 /* Build configuration list for PBXNativeTarget "finalProject_BlackJackTests" */ = {
			isa = XCConfigurationList;
			buildConfigurations = (
				FD414C142264447B007A3681 /* Debug */,
				FD414C152264447B007A3681 /* Release */,
			);
			defaultConfigurationIsVisible = 0;
			defaultConfigurationName = Release;
		};
/* End XCConfigurationList section */
	};
	rootObject = FD414BEB22644479007A3681 /* Project object */;
}
